// !$*UTF8*$!
{
	archiveVersion = 1;
	classes = {
	};
	objectVersion = 50;
	objects = {

/* Begin PBXBuildFile section */
		3763C4012637AFC50099AF59 /* AppDelegate.swift in Sources */ = {isa = PBXBuildFile; fileRef = 3763C4002637AFC50099AF59 /* AppDelegate.swift */; };
		3763C4032637AFC50099AF59 /* SceneDelegate.swift in Sources */ = {isa = PBXBuildFile; fileRef = 3763C4022637AFC50099AF59 /* SceneDelegate.swift */; };
		3763C4052637AFC50099AF59 /* BrowsingViewController.swift in Sources */ = {isa = PBXBuildFile; fileRef = 3763C4042637AFC50099AF59 /* BrowsingViewController.swift */; };
		3763C4082637AFC50099AF59 /* Main.storyboard in Resources */ = {isa = PBXBuildFile; fileRef = 3763C4062637AFC50099AF59 /* Main.storyboard */; };
		3763C40A2637AFC70099AF59 /* Assets.xcassets in Resources */ = {isa = PBXBuildFile; fileRef = 3763C4092637AFC70099AF59 /* Assets.xcassets */; };
		3763C40D2637AFC70099AF59 /* LaunchScreen.storyboard in Resources */ = {isa = PBXBuildFile; fileRef = 3763C40B2637AFC70099AF59 /* LaunchScreen.storyboard */; };
		37C0AC70263E7448005306DF /* WebsiteListTableViewController.swift in Sources */ = {isa = PBXBuildFile; fileRef = 37C0AC6F263E7448005306DF /* WebsiteListTableViewController.swift */; };
		37C0AC72263E7563005306DF /* usefulData.swift in Sources */ = {isa = PBXBuildFile; fileRef = 37C0AC71263E7563005306DF /* usefulData.swift */; };
/* End PBXBuildFile section */

/* Begin PBXFileReference section */
		3763C3FD2637AFC50099AF59 /* Project4.app */ = {isa = PBXFileReference; explicitFileType = wrapper.application; includeInIndex = 0; path = Project4.app; sourceTree = BUILT_PRODUCTS_DIR; };
		3763C4002637AFC50099AF59 /* AppDelegate.swift */ = {isa = PBXFileReference; lastKnownFileType = sourcecode.swift; path = AppDelegate.swift; sourceTree = "<group>"; };
		3763C4022637AFC50099AF59 /* SceneDelegate.swift */ = {isa = PBXFileReference; lastKnownFileType = sourcecode.swift; path = SceneDelegate.swift; sourceTree = "<group>"; };
		3763C4042637AFC50099AF59 /* BrowsingViewController.swift */ = {isa = PBXFileReference; lastKnownFileType = sourcecode.swift; path = BrowsingViewController.swift; sourceTree = "<group>"; };
		3763C4072637AFC50099AF59 /* Base */ = {isa = PBXFileReference; lastKnownFileType = file.storyboard; name = Base; path = Base.lproj/Main.storyboard; sourceTree = "<group>"; };
		3763C4092637AFC70099AF59 /* Assets.xcassets */ = {isa = PBXFileReference; lastKnownFileType = folder.assetcatalog; path = Assets.xcassets; sourceTree = "<group>"; };
		3763C40C2637AFC70099AF59 /* Base */ = {isa = PBXFileReference; lastKnownFileType = file.storyboard; name = Base; path = Base.lproj/LaunchScreen.storyboard; sourceTree = "<group>"; };
		3763C40E2637AFC70099AF59 /* Info.plist */ = {isa = PBXFileReference; lastKnownFileType = text.plist.xml; path = Info.plist; sourceTree = "<group>"; };
		37C0AC6F263E7448005306DF /* WebsiteListTableViewController.swift */ = {isa = PBXFileReference; lastKnownFileType = sourcecode.swift; path = WebsiteListTableViewController.swift; sourceTree = "<group>"; };
		37C0AC71263E7563005306DF /* usefulData.swift */ = {isa = PBXFileReference; lastKnownFileType = sourcecode.swift; path = usefulData.swift; sourceTree = "<group>"; };
/* End PBXFileReference section */

/* Begin PBXFrameworksBuildPhase section */
		3763C3FA2637AFC50099AF59 /* Frameworks */ = {
			isa = PBXFrameworksBuildPhase;
			buildActionMask = 2147483647;
			files = (
			);
			runOnlyForDeploymentPostprocessing = 0;
		};
/* End PBXFrameworksBuildPhase section */

/* Begin PBXGroup section */
		3763C3F42637AFC50099AF59 = {
			isa = PBXGroup;
			children = (
				3763C3FF2637AFC50099AF59 /* Project4 */,
				3763C3FE2637AFC50099AF59 /* Products */,
			);
			sourceTree = "<group>";
		};
		3763C3FE2637AFC50099AF59 /* Products */ = {
			isa = PBXGroup;
			children = (
				3763C3FD2637AFC50099AF59 /* Project4.app */,
			);
			name = Products;
			sourceTree = "<group>";
		};
		3763C3FF2637AFC50099AF59 /* Project4 */ = {
			isa = PBXGroup;
			children = (
				3763C4002637AFC50099AF59 /* AppDelegate.swift */,
				3763C4022637AFC50099AF59 /* SceneDelegate.swift */,
				3763C4042637AFC50099AF59 /* BrowsingViewController.swift */,
				37C0AC6F263E7448005306DF /* WebsiteListTableViewController.swift */,
				37C0AC71263E7563005306DF /* usefulData.swift */,
				3763C4062637AFC50099AF59 /* Main.storyboard */,
				3763C4092637AFC70099AF59 /* Assets.xcassets */,
				3763C40B2637AFC70099AF59 /* LaunchScreen.storyboard */,
				3763C40E2637AFC70099AF59 /* Info.plist */,
			);
			path = Project4;
			sourceTree = "<group>";
		};
/* End PBXGroup section */

/* Begin PBXNativeTarget section */
		3763C3FC2637AFC50099AF59 /* Project4 */ = {
			isa = PBXNativeTarget;
			buildConfigurationList = 3763C4112637AFC70099AF59 /* Build configuration list for PBXNativeTarget "Project4" */;
			buildPhases = (
				3763C3F92637AFC50099AF59 /* Sources */,
				3763C3FA2637AFC50099AF59 /* Frameworks */,
				3763C3FB2637AFC50099AF59 /* Resources */,
			);
			buildRules = (
			);
			dependencies = (
			);
			name = Project4;
			productName = Project4;
			productReference = 3763C3FD2637AFC50099AF59 /* Project4.app */;
			productType = "com.apple.product-type.application";
		};
/* End PBXNativeTarget section */

/* Begin PBXProject section */
		3763C3F52637AFC50099AF59 /* Project object */ = {
			isa = PBXProject;
			attributes = {
				LastSwiftUpdateCheck = 1240;
				LastUpgradeCheck = 1240;
				TargetAttributes = {
					3763C3FC2637AFC50099AF59 = {
						CreatedOnToolsVersion = 12.4;
					};
				};
			};
			buildConfigurationList = 3763C3F82637AFC50099AF59 /* Build configuration list for PBXProject "Project4" */;
			compatibilityVersion = "Xcode 9.3";
			developmentRegion = en;
			hasScannedForEncodings = 0;
			knownRegions = (
				en,
				Base,
			);
			mainGroup = 3763C3F42637AFC50099AF59;
			productRefGroup = 3763C3FE2637AFC50099AF59 /* Products */;
			projectDirPath = "";
			projectRoot = "";
			targets = (
				3763C3FC2637AFC50099AF59 /* Project4 */,
			);
		};
/* End PBXProject section */

/* Begin PBXResourcesBuildPhase section */
		3763C3FB2637AFC50099AF59 /* Resources */ = {
			isa = PBXResourcesBuildPhase;
			buildActionMask = 2147483647;
			files = (
				3763C40D2637AFC70099AF59 /* LaunchScreen.storyboard in Resources */,
				3763C40A2637AFC70099AF59 /* Assets.xcassets in Resources */,
				3763C4082637AFC50099AF59 /* Main.storyboard in Resources */,
			);
			runOnlyForDeploymentPostprocessing = 0;
		};
/* End PBXResourcesBuildPhase section */

/* Begin PBXSourcesBuildPhase section */
		3763C3F92637AFC50099AF59 /* Sources */ = {
			isa = PBXSourcesBuildPhase;
			buildActionMask = 2147483647;
			files = (
				37C0AC72263E7563005306DF /* usefulData.swift in Sources */,
				3763C4052637AFC50099AF59 /* BrowsingViewController.swift in Sources */,
				37C0AC70263E7448005306DF /* WebsiteListTableViewController.swift in Sources */,
				3763C4012637AFC50099AF59 /* AppDelegate.swift in Sources */,
				3763C4032637AFC50099AF59 /* SceneDelegate.swift in Sources */,
			);
			runOnlyForDeploymentPostprocessing = 0;
		};
/* End PBXSourcesBuildPhase section */

/* Begin PBXVariantGroup section */
		3763C4062637AFC50099AF59 /* Main.storyboard */ = {
			isa = PBXVariantGroup;
			children = (
				3763C4072637AFC50099AF59 /* Base */,
			);
			name = Main.storyboard;
			sourceTree = "<group>";
		};
		3763C40B2637AFC70099AF59 /* LaunchScreen.storyboard */ = {
			isa = PBXVariantGroup;
			children = (
				3763C40C2637AFC70099AF59 /* Base */,
			);
			name = LaunchScreen.storyboard;
			sourceTree = "<group>";
		};
/* End PBXVariantGroup section */

/* Begin XCBuildConfiguration section */
		3763C40F2637AFC70099AF59 /* Debug */ = {
			isa = XCBuildConfiguration;
			buildSettings = {
				ALWAYS_SEARCH_USER_PATHS = NO;
				CLANG_ANALYZER_NONNULL = YES;
				CLANG_ANALYZER_NUMBER_OBJECT_CONVERSION = YES_AGGRESSIVE;
				CLANG_CXX_LANGUAGE_STANDARD = "gnu++14";
				CLANG_CXX_LIBRARY = "libc++";
				CLANG_ENABLE_MODULES = YES;
				CLANG_ENABLE_OBJC_ARC = YES;
				CLANG_ENABLE_OBJC_WEAK = YES;
				CLANG_WARN_BLOCK_CAPTURE_AUTORELEASING = YES;
				CLANG_WARN_BOOL_CONVERSION = YES;
				CLANG_WARN_COMMA = YES;
				CLANG_WARN_CONSTANT_CONVERSION = YES;
				CLANG_WARN_DEPRECATED_OBJC_IMPLEMENTATIONS = YES;
				CLANG_WARN_DIRECT_OBJC_ISA_USAGE = YES_ERROR;
				CLANG_WARN_DOCUMENTATION_COMMENTS = YES;
				CLANG_WARN_EMPTY_BODY = YES;
				CLANG_WARN_ENUM_CONVERSION = YES;
				CLANG_WARN_INFINITE_RECURSION = YES;
				CLANG_WARN_INT_CONVERSION = YES;
				CLANG_WARN_NON_LITERAL_NULL_CONVERSION = YES;
				CLANG_WARN_OBJC_IMPLICIT_RETAIN_SELF = YES;
				CLANG_WARN_OBJC_LITERAL_CONVERSION = YES;
				CLANG_WARN_OBJC_ROOT_CLASS = YES_ERROR;
				CLANG_WARN_QUOTED_INCLUDE_IN_FRAMEWORK_HEADER = YES;
				CLANG_WARN_RANGE_LOOP_ANALYSIS = YES;
				CLANG_WARN_STRICT_PROTOTYPES = YES;
				CLANG_WARN_SUSPICIOUS_MOVE = YES;
				CLANG_WARN_UNGUARDED_AVAILABILITY = YES_AGGRESSIVE;
				CLANG_WARN_UNREACHABLE_CODE = YES;
				CLANG_WARN__DUPLICATE_METHOD_MATCH = YES;
				COPY_PHASE_STRIP = NO;
				DEBUG_INFORMATION_FORMAT = dwarf;
				ENABLE_STRICT_OBJC_MSGSEND = YES;
				ENABLE_TESTABILITY = YES;
				GCC_C_LANGUAGE_STANDARD = gnu11;
				GCC_DYNAMIC_NO_PIC = NO;
				GCC_NO_COMMON_BLOCKS = YES;
				GCC_OPTIMIZATION_LEVEL = 0;
				GCC_PREPROCESSOR_DEFINITIONS = (
					"DEBUG=1",
					"$(inherited)",
				);
				GCC_WARN_64_TO_32_BIT_CONVERSION = YES;
				GCC_WARN_ABOUT_RETURN_TYPE = YES_ERROR;
				GCC_WARN_UNDECLARED_SELECTOR = YES;
				GCC_WARN_UNINITIALIZED_AUTOS = YES_AGGRESSIVE;
				GCC_WARN_UNUSED_FUNCTION = YES;
				GCC_WARN_UNUSED_VARIABLE = YES;
				IPHONEOS_DEPLOYMENT_TARGET = 14.4;
				MTL_ENABLE_DEBUG_INFO = INCLUDE_SOURCE;
				MTL_FAST_MATH = YES;
				ONLY_ACTIVE_ARCH = YES;
				SDKROOT = iphoneos;
				SWIFT_ACTIVE_COMPILATION_CONDITIONS = DEBUG;
				SWIFT_OPTIMIZATION_LEVEL = "-Onone";
			};
			name = Debug;
		};
		3763C4102637AFC70099AF59 /* Release */ = {
			isa = XCBuildConfiguration;
			buildSettings = {
				ALWAYS_SEARCH_USER_PATHS = NO;
				CLANG_ANALYZER_NONNULL = YES;
				CLANG_ANALYZER_NUMBER_OBJECT_CONVERSION = YES_AGGRESSIVE;
				CLANG_CXX_LANGUAGE_STANDARD = "gnu++14";
				CLANG_CXX_LIBRARY = "libc++";
				CLANG_ENABLE_MODULES = YES;
				CLANG_ENABLE_OBJC_ARC = YES;
				CLANG_ENABLE_OBJC_WEAK = YES;
				CLANG_WARN_BLOCK_CAPTURE_AUTORELEASING = YES;
				CLANG_WARN_BOOL_CONVERSION = YES;
				CLANG_WARN_COMMA = YES;
				CLANG_WARN_CONSTANT_CONVERSION = YES;
				CLANG_WARN_DEPRECATED_OBJC_IMPLEMENTATIONS = YES;
				CLANG_WARN_DIRECT_OBJC_ISA_USAGE = YES_ERROR;
				CLANG_WARN_DOCUMENTATION_COMMENTS = YES;
				CLANG_WARN_EMPTY_BODY = YES;
				CLANG_WARN_ENUM_CONVERSION = YES;
				CLANG_WARN_INFINITE_RECURSION = YES;
				CLANG_WARN_INT_CONVERSION = YES;
				CLANG_WARN_NON_LITERAL_NULL_CONVERSION = YES;
				CLANG_WARN_OBJC_IMPLICIT_RETAIN_SELF = YES;
				CLANG_WARN_OBJC_LITERAL_CONVERSION = YES;
				CLANG_WARN_OBJC_ROOT_CLASS = YES_ERROR;
				CLANG_WARN_QUOTED_INCLUDE_IN_FRAMEWORK_HEADER = YES;
				CLANG_WARN_RANGE_LOOP_ANALYSIS = YES;
				CLANG_WARN_STRICT_PROTOTYPES = YES;
				CLANG_WARN_SUSPICIOUS_MOVE = YES;
				CLANG_WARN_UNGUARDED_AVAILABILITY = YES_AGGRESSIVE;
				CLANG_WARN_UNREACHABLE_CODE = YES;
				CLANG_WARN__DUPLICATE_METHOD_MATCH = YES;
				COPY_PHASE_STRIP = NO;
				DEBUG_INFORMATION_FORMAT = "dwarf-with-dsym";
				ENABLE_NS_ASSERTIONS = NO;
				ENABLE_STRICT_OBJC_MSGSEND = YES;
				GCC_C_LANGUAGE_STANDARD = gnu11;
				GCC_NO_COMMON_BLOCKS = YES;
				GCC_WARN_64_TO_32_BIT_CONVERSION = YES;
				GCC_WARN_ABOUT_RETURN_TYPE = YES_ERROR;
				GCC_WARN_UNDECLARED_SELECTOR = YES;
				GCC_WARN_UNINITIALIZED_AUTOS = YES_AGGRESSIVE;
				GCC_WARN_UNUSED_FUNCTION = YES;
				GCC_WARN_UNUSED_VARIABLE = YES;
				IPHONEOS_DEPLOYMENT_TARGET = 14.4;
				MTL_ENABLE_DEBUG_INFO = NO;
				MTL_FAST_MATH = YES;
				SDKROOT = iphoneos;
				SWIFT_COMPILATION_MODE = wholemodule;
				SWIFT_OPTIMIZATION_LEVEL = "-O";
				VALIDATE_PRODUCT = YES;
			};
			name = Release;
		};
		3763C4122637AFC70099AF59 /* Debug */ = {
			isa = XCBuildConfiguration;
			buildSettings = {
				ASSETCATALOG_COMPILER_APPICON_NAME = AppIcon;
				ASSETCATALOG_COMPILER_GLOBAL_ACCENT_COLOR_NAME = AccentColor;
				CODE_SIGN_STYLE = Automatic;
				INFOPLIST_FILE = Project4/Info.plist;
				LD_RUNPATH_SEARCH_PATHS = (
					"$(inherited)",
					"@executable_path/Frameworks",
				);
				PRODUCT_BUNDLE_IDENTIFIER = timoderbeste.Project4;
				PRODUCT_NAME = "$(TARGET_NAME)";
				SWIFT_VERSION = 5.0;
				TARGETED_DEVICE_FAMILY = "1,2";
			};
			name = Debug;
		};
		3763C4132637AFC70099AF59 /* Release */ = {
			isa = XCBuildConfiguration;
			buildSettings = {
				ASSETCATALOG_COMPILER_APPICON_NAME = AppIcon;
				ASSETCATALOG_COMPILER_GLOBAL_ACCENT_COLOR_NAME = AccentColor;
				CODE_SIGN_STYLE = Automatic;
				INFOPLIST_FILE = Project4/Info.plist;
				LD_RUNPATH_SEARCH_PATHS = (
					"$(inherited)",
					"@executable_path/Frameworks",
				);
				PRODUCT_BUNDLE_IDENTIFIER = timoderbeste.Project4;
				PRODUCT_NAME = "$(TARGET_NAME)";
				SWIFT_VERSION = 5.0;
				TARGETED_DEVICE_FAMILY = "1,2";
			};
			name = Release;
		};
/* End XCBuildConfiguration section */

/* Begin XCConfigurationList section */
		3763C3F82637AFC50099AF59 /* Build configuration list for PBXProject "Project4" */ = {
			isa = XCConfigurationList;
			buildConfigurations = (
				3763C40F2637AFC70099AF59 /* Debug */,
				3763C4102637AFC70099AF59 /* Release */,
			);
			defaultConfigurationIsVisible = 0;
			defaultConfigurationName = Release;
		};
		3763C4112637AFC70099AF59 /* Build configuration list for PBXNativeTarget "Project4" */ = {
			isa = XCConfigurationList;
			buildConfigurations = (
				3763C4122637AFC70099AF59 /* Debug */,
				3763C4132637AFC70099AF59 /* Release */,
			);
			defaultConfigurationIsVisible = 0;
			defaultConfigurationName = Release;
		};
/* End XCConfigurationList section */
	};
	rootObject = 3763C3F52637AFC50099AF59 /* Project object */;
}
